
Microsoft Visual Studio Solution File, Format Version 12.00
# Visual Studio Version 17
VisualStudioVersion = 17.4.33205.214
MinimumVisualStudioVersion = 10.0.40219.1
Project("{FAE04EC0-301F-11D3-BF4B-00C04F79EFBC}") = "LoginProjeto", "LoginProjeto.csproj", "{A36D06FA-BA06-4BEB-AB84-0576F7544986}"
EndProject
Global
	GlobalSection(SolutionConfigurationPlatforms) = preSolution
		Debug|Any CPU = Debug|Any CPU
		Release|Any CPU = Release|Any CPU
	EndGlobalSection
	GlobalSection(ProjectConfigurationPlatforms) = postSolution
		{A36D06FA-BA06-4BEB-AB84-0576F7544986}.Debug|Any CPU.ActiveCfg = Debug|Any CPU
		{A36D06FA-BA06-4BEB-AB84-0576F7544986}.Debug|Any CPU.Build.0 = Debug|Any CPU
		{A36D06FA-BA06-4BEB-AB84-0576F7544986}.Release|Any CPU.ActiveCfg = Release|Any CPU
		{A36D06FA-BA06-4BEB-AB84-0576F7544986}.Release|Any CPU.Build.0 = Release|Any CPU
	EndGlobalSection
	GlobalSection(SolutionProperties) = preSolution
		HideSolutionNode = FALSE
	EndGlobalSection
	GlobalSection(ExtensibilityGlobals) = postSolution
		SolutionGuid = {04FF8534-6EA8-4560-A236-624878C1CC9B}
	EndGlobalSection
EndGlobal
